# This file is automatically @generated by Cargo.
# It is not intended for manual editing.
version = 3

[[package]]
name = "anyhow"
version = "1.0.65"
source = "registry+https://github.com/rust-lang/crates.io-index"
checksum = "98161a4e3e2184da77bb14f02184cdd111e83bbbcc9979dfee3c44b9a85f5602"

[[package]]
name = "argh"
version = "0.1.9"
source = "registry+https://github.com/rust-lang/crates.io-index"
checksum = "c375edecfd2074d5edcc31396860b6e54b6f928714d0e097b983053fac0cabe3"
dependencies = [
 "argh_derive",
 "argh_shared",
]

[[package]]
name = "argh_derive"
version = "0.1.9"
source = "registry+https://github.com/rust-lang/crates.io-index"
checksum = "aa013479b80109a1bf01a039412b0f0013d716f36921226d86c6709032fb7a03"
dependencies = [
 "argh_shared",
 "heck",
 "proc-macro2",
 "quote",
 "syn",
]

[[package]]
name = "argh_shared"
version = "0.1.9"
source = "registry+https://github.com/rust-lang/crates.io-index"
checksum = "149f75bbec1827618262e0855a68f0f9a7f2edc13faebf33c4f16d6725edb6a9"

[[package]]
name = "bvh"
version = "0.1.0"
dependencies = [
 "geom",
 "mem",
]

[[package]]
name = "crt"
version = "0.1.0"
dependencies = [
 "anyhow",
 "argh",
 "render",
]

[[package]]
name = "displaydoc"
version = "0.2.3"
source = "registry+https://github.com/rust-lang/crates.io-index"
checksum = "3bf95dc3f046b9da4f2d51833c0d3547d8564ef6910f5c1ed130306a75b92886"
dependencies = [
 "proc-macro2",
 "quote",
 "syn",
]

[[package]]
name = "geom"
version = "0.1.0"
dependencies = [
 "displaydoc",
]

[[package]]
name = "heck"
version = "0.4.0"
source = "registry+https://github.com/rust-lang/crates.io-index"
checksum = "2540771e65fc8cb83cd6e8a237f70c319bd5c29f78ed1084ba5d50eeac86f7f9"

[[package]]
name = "mem"
version = "0.1.0"

[[package]]
name = "proc-macro2"
version = "1.0.43"
source = "registry+https://github.com/rust-lang/crates.io-index"
checksum = "0a2ca2c61bc9f3d74d2886294ab7b9853abd9c1ad903a3ac7815c58989bb7bab"
dependencies = [
 "unicode-ident",
]

[[package]]
name = "quote"
version = "1.0.21"
source = "registry+https://github.com/rust-lang/crates.io-index"
checksum = "bbe448f377a7d6961e30f5955f9b8d106c3f5e449d493ee1b125c1d43c2b5179"
dependencies = [
 "proc-macro2",
]

[[package]]
name = "render"
version = "0.1.0"
dependencies = [
 "bvh",
 "displaydoc",
 "geom",
 "mem",
 "scene",
]

[[package]]
name = "scene"
version = "0.1.0"
dependencies = [
 "displaydoc",
 "geom",
 "mem",
]

[[package]]
name = "syn"
version = "1.0.100"
source = "registry+https://github.com/rust-lang/crates.io-index"
checksum = "52205623b1b0f064a4e71182c3b18ae902267282930c6d5462c91b859668426e"
dependencies = [
 "proc-macro2",
 "quote",
 "unicode-ident",
]

[[package]]
name = "unicode-ident"
version = "1.0.4"
source = "registry+https://github.com/rust-lang/crates.io-index"
checksum = "dcc811dc4066ac62f84f11307873c4850cb653bfa9b1719cee2bd2204a4bc5dd"
